
Microsoft Visual Studio Solution File, Format Version 12.00
# Visual Studio Version 17
VisualStudioVersion = 17.6.33723.286
MinimumVisualStudioVersion = 10.0.40219.1
Project("{9A19103F-16F7-4668-BE54-9A1E7A4F7556}") = "PhotoProjectAPI", "PhotoProjectAPI\PhotoProjectAPI.csproj", "{EB47CC86-794E-4ADE-8392-7C0C6F55F765}"
EndProject
Global
	GlobalSection(SolutionConfigurationPlatforms) = preSolution
		Debug|Any CPU = Debug|Any CPU
		Release|Any CPU = Release|Any CPU
	EndGlobalSection
	GlobalSection(ProjectConfigurationPlatforms) = postSolution
		{EB47CC86-794E-4ADE-8392-7C0C6F55F765}.Debug|Any CPU.ActiveCfg = Debug|Any CPU
		{EB47CC86-794E-4ADE-8392-7C0C6F55F765}.Debug|Any CPU.Build.0 = Debug|Any CPU
		{EB47CC86-794E-4ADE-8392-7C0C6F55F765}.Release|Any CPU.ActiveCfg = Release|Any CPU
		{EB47CC86-794E-4ADE-8392-7C0C6F55F765}.Release|Any CPU.Build.0 = Release|Any CPU
	EndGlobalSection
	GlobalSection(SolutionProperties) = preSolution
		HideSolutionNode = FALSE
	EndGlobalSection
	GlobalSection(ExtensibilityGlobals) = postSolution
		SolutionGuid = {920D2FC9-24CF-4822-9A59-A452B3C7AA1F}
	EndGlobalSection
EndGlobal
